
Microsoft Visual Studio Solution File, Format Version 12.00
# Visual Studio 15
VisualStudioVersion = 15.0.28307.645
MinimumVisualStudioVersion = 10.0.40219.1
Project("{8BC9CEB8-8B4A-11D0-8D11-00A0C91BC942}") = "lighting", "lighting\lighting.vcxproj", "{9E1396FA-E98A-4EDD-A3D8-78128AAF1614}"
EndProject
Project("{8BC9CEB8-8B4A-11D0-8D11-00A0C91BC942}") = "material", "material\material.vcxproj", "{025D154F-1831-4624-82C8-A98FDC049234}"
EndProject
Project("{8BC9CEB8-8B4A-11D0-8D11-00A0C91BC942}") = "lightingmapping", "lightingmapping\lightingmapping.vcxproj", "{9AF1E3DF-4B1F-46D5-8416-70E6E4945001}"
EndProject
Global
	GlobalSection(SolutionConfigurationPlatforms) = preSolution
		Debug|x64 = Debug|x64
		Debug|x86 = Debug|x86
		Release|x64 = Release|x64
		Release|x86 = Release|x86
	EndGlobalSection
	GlobalSection(ProjectConfigurationPlatforms) = postSolution
		{9E1396FA-E98A-4EDD-A3D8-78128AAF1614}.Debug|x64.ActiveCfg = Debug|x64
		{9E1396FA-E98A-4EDD-A3D8-78128AAF1614}.Debug|x64.Build.0 = Debug|x64
		{9E1396FA-E98A-4EDD-A3D8-78128AAF1614}.Debug|x86.ActiveCfg = Debug|Win32
		{9E1396FA-E98A-4EDD-A3D8-78128AAF1614}.Debug|x86.Build.0 = Debug|Win32
		{9E1396FA-E98A-4EDD-A3D8-78128AAF1614}.Release|x64.ActiveCfg = Release|x64
		{9E1396FA-E98A-4EDD-A3D8-78128AAF1614}.Release|x64.Build.0 = Release|x64
		{9E1396FA-E98A-4EDD-A3D8-78128AAF1614}.Release|x86.ActiveCfg = Release|Win32
		{9E1396FA-E98A-4EDD-A3D8-78128AAF1614}.Release|x86.Build.0 = Release|Win32
		{025D154F-1831-4624-82C8-A98FDC049234}.Debug|x64.ActiveCfg = Debug|x64
		{025D154F-1831-4624-82C8-A98FDC049234}.Debug|x64.Build.0 = Debug|x64
		{025D154F-1831-4624-82C8-A98FDC049234}.Debug|x86.ActiveCfg = Debug|Win32
		{025D154F-1831-4624-82C8-A98FDC049234}.Debug|x86.Build.0 = Debug|Win32
		{025D154F-1831-4624-82C8-A98FDC049234}.Release|x64.ActiveCfg = Release|x64
		{025D154F-1831-4624-82C8-A98FDC049234}.Release|x64.Build.0 = Release|x64
		{025D154F-1831-4624-82C8-A98FDC049234}.Release|x86.ActiveCfg = Release|Win32
		{025D154F-1831-4624-82C8-A98FDC049234}.Release|x86.Build.0 = Release|Win32
		{9AF1E3DF-4B1F-46D5-8416-70E6E4945001}.Debug|x64.ActiveCfg = Debug|x64
		{9AF1E3DF-4B1F-46D5-8416-70E6E4945001}.Debug|x64.Build.0 = Debug|x64
		{9AF1E3DF-4B1F-46D5-8416-70E6E4945001}.Debug|x86.ActiveCfg = Debug|Win32
		{9AF1E3DF-4B1F-46D5-8416-70E6E4945001}.Debug|x86.Build.0 = Debug|Win32
		{9AF1E3DF-4B1F-46D5-8416-70E6E4945001}.Release|x64.ActiveCfg = Release|x64
		{9AF1E3DF-4B1F-46D5-8416-70E6E4945001}.Release|x64.Build.0 = Release|x64
		{9AF1E3DF-4B1F-46D5-8416-70E6E4945001}.Release|x86.ActiveCfg = Release|Win32
		{9AF1E3DF-4B1F-46D5-8416-70E6E4945001}.Release|x86.Build.0 = Release|Win32
	EndGlobalSection
	GlobalSection(SolutionProperties) = preSolution
		HideSolutionNode = FALSE
	EndGlobalSection
	GlobalSection(ExtensibilityGlobals) = postSolution
		SolutionGuid = {2B05C741-3CE2-4E7F-B8B6-8CFE9EE4CB4D}
	EndGlobalSection
EndGlobal
