
Microsoft Visual Studio Solution File, Format Version 12.00
# Visual Studio 15
VisualStudioVersion = 15.0.28307.645
MinimumVisualStudioVersion = 10.0.40219.1
Project("{8BC9CEB8-8B4A-11D0-8D11-00A0C91BC942}") = "AdvancedOpenGL", "AdvancedOpenGL\AdvancedOpenGL.vcxproj", "{3351D93F-9132-4A77-8719-233EE7879154}"
EndProject
Project("{8BC9CEB8-8B4A-11D0-8D11-00A0C91BC942}") = "cubeMaps", "cubeMaps\cubeMaps.vcxproj", "{3F7BB60A-2AE4-4B6E-9879-E442F19645ED}"
EndProject
Project("{8BC9CEB8-8B4A-11D0-8D11-00A0C91BC942}") = "UniformBuff", "UniformBuff\UniformBuff.vcxproj", "{952EC07B-31FF-4019-A84B-4473E7F8C5D7}"
EndProject
Global
	GlobalSection(SolutionConfigurationPlatforms) = preSolution
		Debug|x64 = Debug|x64
		Debug|x86 = Debug|x86
		Release|x64 = Release|x64
		Release|x86 = Release|x86
	EndGlobalSection
	GlobalSection(ProjectConfigurationPlatforms) = postSolution
		{3351D93F-9132-4A77-8719-233EE7879154}.Debug|x64.ActiveCfg = Debug|x64
		{3351D93F-9132-4A77-8719-233EE7879154}.Debug|x64.Build.0 = Debug|x64
		{3351D93F-9132-4A77-8719-233EE7879154}.Debug|x86.ActiveCfg = Debug|Win32
		{3351D93F-9132-4A77-8719-233EE7879154}.Debug|x86.Build.0 = Debug|Win32
		{3351D93F-9132-4A77-8719-233EE7879154}.Release|x64.ActiveCfg = Release|x64
		{3351D93F-9132-4A77-8719-233EE7879154}.Release|x64.Build.0 = Release|x64
		{3351D93F-9132-4A77-8719-233EE7879154}.Release|x86.ActiveCfg = Release|Win32
		{3351D93F-9132-4A77-8719-233EE7879154}.Release|x86.Build.0 = Release|Win32
		{3F7BB60A-2AE4-4B6E-9879-E442F19645ED}.Debug|x64.ActiveCfg = Debug|x64
		{3F7BB60A-2AE4-4B6E-9879-E442F19645ED}.Debug|x64.Build.0 = Debug|x64
		{3F7BB60A-2AE4-4B6E-9879-E442F19645ED}.Debug|x86.ActiveCfg = Debug|Win32
		{3F7BB60A-2AE4-4B6E-9879-E442F19645ED}.Debug|x86.Build.0 = Debug|Win32
		{3F7BB60A-2AE4-4B6E-9879-E442F19645ED}.Release|x64.ActiveCfg = Release|x64
		{3F7BB60A-2AE4-4B6E-9879-E442F19645ED}.Release|x64.Build.0 = Release|x64
		{3F7BB60A-2AE4-4B6E-9879-E442F19645ED}.Release|x86.ActiveCfg = Release|Win32
		{3F7BB60A-2AE4-4B6E-9879-E442F19645ED}.Release|x86.Build.0 = Release|Win32
		{952EC07B-31FF-4019-A84B-4473E7F8C5D7}.Debug|x64.ActiveCfg = Debug|x64
		{952EC07B-31FF-4019-A84B-4473E7F8C5D7}.Debug|x64.Build.0 = Debug|x64
		{952EC07B-31FF-4019-A84B-4473E7F8C5D7}.Debug|x86.ActiveCfg = Debug|Win32
		{952EC07B-31FF-4019-A84B-4473E7F8C5D7}.Debug|x86.Build.0 = Debug|Win32
		{952EC07B-31FF-4019-A84B-4473E7F8C5D7}.Release|x64.ActiveCfg = Release|x64
		{952EC07B-31FF-4019-A84B-4473E7F8C5D7}.Release|x64.Build.0 = Release|x64
		{952EC07B-31FF-4019-A84B-4473E7F8C5D7}.Release|x86.ActiveCfg = Release|Win32
		{952EC07B-31FF-4019-A84B-4473E7F8C5D7}.Release|x86.Build.0 = Release|Win32
	EndGlobalSection
	GlobalSection(SolutionProperties) = preSolution
		HideSolutionNode = FALSE
	EndGlobalSection
	GlobalSection(ExtensibilityGlobals) = postSolution
		SolutionGuid = {929C748B-B1EE-4EE9-BBB3-2CEEA299DBE3}
	EndGlobalSection
EndGlobal
